// !$*UTF8*$!
{
	archiveVersion = 1;
	classes = {
	};
	objectVersion = 46;
	objects = {

/* Begin PBXBuildFile section */
		DDF412B417F725F900E12AAE /* Foundation.framework in Frameworks */ = {isa = PBXBuildFile; fileRef = DDF412B317F725F900E12AAE /* Foundation.framework */; };
		DDF412B617F725F900E12AAE /* CoreGraphics.framework in Frameworks */ = {isa = PBXBuildFile; fileRef = DDF412B517F725F900E12AAE /* CoreGraphics.framework */; };
		DDF412B817F725F900E12AAE /* UIKit.framework in Frameworks */ = {isa = PBXBuildFile; fileRef = DDF412B717F725F900E12AAE /* UIKit.framework */; };
		DDF412BE17F725F900E12AAE /* InfoPlist.strings in Resources */ = {isa = PBXBuildFile; fileRef = DDF412BC17F725F900E12AAE /* InfoPlist.strings */; };
		DDF412C017F725F900E12AAE /* main.m in Sources */ = {isa = PBXBuildFile; fileRef = DDF412BF17F725F900E12AAE /* main.m */; };
		DDF412C417F725F900E12AAE /* YBAppDelegate.m in Sources */ = {isa = PBXBuildFile; fileRef = DDF412C317F725F900E12AAE /* YBAppDelegate.m */; };
		DDF412C717F725F900E12AAE /* Main.storyboard in Resources */ = {isa = PBXBuildFile; fileRef = DDF412C517F725F900E12AAE /* Main.storyboard */; };
		DDF412CA17F725F900E12AAE /* YBViewController.m in Sources */ = {isa = PBXBuildFile; fileRef = DDF412C917F725F900E12AAE /* YBViewController.m */; };
		DDF412CC17F725F900E12AAE /* Images.xcassets in Resources */ = {isa = PBXBuildFile; fileRef = DDF412CB17F725F900E12AAE /* Images.xcassets */; };
		DDF412D317F725F900E12AAE /* XCTest.framework in Frameworks */ = {isa = PBXBuildFile; fileRef = DDF412D217F725F900E12AAE /* XCTest.framework */; };
		DDF412D417F725F900E12AAE /* Foundation.framework in Frameworks */ = {isa = PBXBuildFile; fileRef = DDF412B317F725F900E12AAE /* Foundation.framework */; };
		DDF412D517F725F900E12AAE /* UIKit.framework in Frameworks */ = {isa = PBXBuildFile; fileRef = DDF412B717F725F900E12AAE /* UIKit.framework */; };
		DDF412DD17F725F900E12AAE /* InfoPlist.strings in Resources */ = {isa = PBXBuildFile; fileRef = DDF412DB17F725F900E12AAE /* InfoPlist.strings */; };
		DDF412DF17F725F900E12AAE /* YouBeaconTests.m in Sources */ = {isa = PBXBuildFile; fileRef = DDF412DE17F725F900E12AAE /* YouBeaconTests.m */; };
/* End PBXBuildFile section */

/* Begin PBXContainerItemProxy section */
		DDF412D617F725F900E12AAE /* PBXContainerItemProxy */ = {
			isa = PBXContainerItemProxy;
			containerPortal = DDF412A817F725F900E12AAE /* Project object */;
			proxyType = 1;
			remoteGlobalIDString = DDF412AF17F725F900E12AAE;
			remoteInfo = YouBeacon;
		};
/* End PBXContainerItemProxy section */

/* Begin PBXFileReference section */
		DDF412B017F725F900E12AAE /* YouBeacon.app */ = {isa = PBXFileReference; explicitFileType = wrapper.application; includeInIndex = 0; path = YouBeacon.app; sourceTree = BUILT_PRODUCTS_DIR; };
		DDF412B317F725F900E12AAE /* Foundation.framework */ = {isa = PBXFileReference; lastKnownFileType = wrapper.framework; name = Foundation.framework; path = System/Library/Frameworks/Foundation.framework; sourceTree = SDKROOT; };
		DDF412B517F725F900E12AAE /* CoreGraphics.framework */ = {isa = PBXFileReference; lastKnownFileType = wrapper.framework; name = CoreGraphics.framework; path = System/Library/Frameworks/CoreGraphics.framework; sourceTree = SDKROOT; };
		DDF412B717F725F900E12AAE /* UIKit.framework */ = {isa = PBXFileReference; lastKnownFileType = wrapper.framework; name = UIKit.framework; path = System/Library/Frameworks/UIKit.framework; sourceTree = SDKROOT; };
		DDF412BB17F725F900E12AAE /* YouBeacon-Info.plist */ = {isa = PBXFileReference; lastKnownFileType = text.plist.xml; path = "YouBeacon-Info.plist"; sourceTree = "<group>"; };
		DDF412BD17F725F900E12AAE /* en */ = {isa = PBXFileReference; lastKnownFileType = text.plist.strings; name = en; path = en.lproj/InfoPlist.strings; sourceTree = "<group>"; };
		DDF412BF17F725F900E12AAE /* main.m */ = {isa = PBXFileReference; lastKnownFileType = sourcecode.c.objc; path = main.m; sourceTree = "<group>"; };
		DDF412C117F725F900E12AAE /* YouBeacon-Prefix.pch */ = {isa = PBXFileReference; lastKnownFileType = sourcecode.c.h; path = "YouBeacon-Prefix.pch"; sourceTree = "<group>"; };
		DDF412C217F725F900E12AAE /* YBAppDelegate.h */ = {isa = PBXFileReference; lastKnownFileType = sourcecode.c.h; path = YBAppDelegate.h; sourceTree = "<group>"; };
		DDF412C317F725F900E12AAE /* YBAppDelegate.m */ = {isa = PBXFileReference; lastKnownFileType = sourcecode.c.objc; path = YBAppDelegate.m; sourceTree = "<group>"; };
		DDF412C617F725F900E12AAE /* Base */ = {isa = PBXFileReference; lastKnownFileType = file.storyboard; name = Base; path = Base.lproj/Main.storyboard; sourceTree = "<group>"; };
		DDF412C817F725F900E12AAE /* YBViewController.h */ = {isa = PBXFileReference; lastKnownFileType = sourcecode.c.h; path = YBViewController.h; sourceTree = "<group>"; };
		DDF412C917F725F900E12AAE /* YBViewController.m */ = {isa = PBXFileReference; lastKnownFileType = sourcecode.c.objc; path = YBViewController.m; sourceTree = "<group>"; };
		DDF412CB17F725F900E12AAE /* Images.xcassets */ = {isa = PBXFileReference; lastKnownFileType = folder.assetcatalog; path = Images.xcassets; sourceTree = "<group>"; };
		DDF412D117F725F900E12AAE /* YouBeaconTests.xctest */ = {isa = PBXFileReference; explicitFileType = wrapper.cfbundle; includeInIndex = 0; path = YouBeaconTests.xctest; sourceTree = BUILT_PRODUCTS_DIR; };
		DDF412D217F725F900E12AAE /* XCTest.framework */ = {isa = PBXFileReference; lastKnownFileType = wrapper.framework; name = XCTest.framework; path = Library/Frameworks/XCTest.framework; sourceTree = DEVELOPER_DIR; };
		DDF412DA17F725F900E12AAE /* YouBeaconTests-Info.plist */ = {isa = PBXFileReference; lastKnownFileType = text.plist.xml; path = "YouBeaconTests-Info.plist"; sourceTree = "<group>"; };
		DDF412DC17F725F900E12AAE /* en */ = {isa = PBXFileReference; lastKnownFileType = text.plist.strings; name = en; path = en.lproj/InfoPlist.strings; sourceTree = "<group>"; };
		DDF412DE17F725F900E12AAE /* YouBeaconTests.m */ = {isa = PBXFileReference; lastKnownFileType = sourcecode.c.objc; path = YouBeaconTests.m; sourceTree = "<group>"; };
/* End PBXFileReference section */

/* Begin PBXFrameworksBuildPhase section */
		DDF412AD17F725F900E12AAE /* Frameworks */ = {
			isa = PBXFrameworksBuildPhase;
			buildActionMask = 2147483647;
			files = (
				DDF412B617F725F900E12AAE /* CoreGraphics.framework in Frameworks */,
				DDF412B817F725F900E12AAE /* UIKit.framework in Frameworks */,
				DDF412B417F725F900E12AAE /* Foundation.framework in Frameworks */,
			);
			runOnlyForDeploymentPostprocessing = 0;
		};
		DDF412CE17F725F900E12AAE /* Frameworks */ = {
			isa = PBXFrameworksBuildPhase;
			buildActionMask = 2147483647;
			files = (
				DDF412D317F725F900E12AAE /* XCTest.framework in Frameworks */,
				DDF412D517F725F900E12AAE /* UIKit.framework in Frameworks */,
				DDF412D417F725F900E12AAE /* Foundation.framework in Frameworks */,
			);
			runOnlyForDeploymentPostprocessing = 0;
		};
/* End PBXFrameworksBuildPhase section */

/* Begin PBXGroup section */
		DDF412A717F725F900E12AAE = {
			isa = PBXGroup;
			children = (
				DDF412B917F725F900E12AAE /* YouBeacon */,
				DDF412D817F725F900E12AAE /* YouBeaconTests */,
				DDF412B217F725F900E12AAE /* Frameworks */,
				DDF412B117F725F900E12AAE /* Products */,
			);
			sourceTree = "<group>";
		};
		DDF412B117F725F900E12AAE /* Products */ = {
			isa = PBXGroup;
			children = (
				DDF412B017F725F900E12AAE /* YouBeacon.app */,
				DDF412D117F725F900E12AAE /* YouBeaconTests.xctest */,
			);
			name = Products;
			sourceTree = "<group>";
		};
		DDF412B217F725F900E12AAE /* Frameworks */ = {
			isa = PBXGroup;
			children = (
				DDF412B317F725F900E12AAE /* Foundation.framework */,
				DDF412B517F725F900E12AAE /* CoreGraphics.framework */,
				DDF412B717F725F900E12AAE /* UIKit.framework */,
				DDF412D217F725F900E12AAE /* XCTest.framework */,
			);
			name = Frameworks;
			sourceTree = "<group>";
		};
		DDF412B917F725F900E12AAE /* YouBeacon */ = {
			isa = PBXGroup;
			children = (
				DDF412C217F725F900E12AAE /* YBAppDelegate.h */,
				DDF412C317F725F900E12AAE /* YBAppDelegate.m */,
				DDF412C517F725F900E12AAE /* Main.storyboard */,
				DDF412C817F725F900E12AAE /* YBViewController.h */,
				DDF412C917F725F900E12AAE /* YBViewController.m */,
				DDF412CB17F725F900E12AAE /* Images.xcassets */,
				DDF412BA17F725F900E12AAE /* Supporting Files */,
			);
			path = YouBeacon;
			sourceTree = "<group>";
		};
		DDF412BA17F725F900E12AAE /* Supporting Files */ = {
			isa = PBXGroup;
			children = (
				DDF412BB17F725F900E12AAE /* YouBeacon-Info.plist */,
				DDF412BC17F725F900E12AAE /* InfoPlist.strings */,
				DDF412BF17F725F900E12AAE /* main.m */,
				DDF412C117F725F900E12AAE /* YouBeacon-Prefix.pch */,
			);
			name = "Supporting Files";
			sourceTree = "<group>";
		};
		DDF412D817F725F900E12AAE /* YouBeaconTests */ = {
			isa = PBXGroup;
			children = (
				DDF412DE17F725F900E12AAE /* YouBeaconTests.m */,
				DDF412D917F725F900E12AAE /* Supporting Files */,
			);
			path = YouBeaconTests;
			sourceTree = "<group>";
		};
		DDF412D917F725F900E12AAE /* Supporting Files */ = {
			isa = PBXGroup;
			children = (
				DDF412DA17F725F900E12AAE /* YouBeaconTests-Info.plist */,
				DDF412DB17F725F900E12AAE /* InfoPlist.strings */,
			);
			name = "Supporting Files";
			sourceTree = "<group>";
		};
/* End PBXGroup section */

/* Begin PBXNativeTarget section */
		DDF412AF17F725F900E12AAE /* YouBeacon */ = {
			isa = PBXNativeTarget;
			buildConfigurationList = DDF412E217F725F900E12AAE /* Build configuration list for PBXNativeTarget "YouBeacon" */;
			buildPhases = (
				DDF412AC17F725F900E12AAE /* Sources */,
				DDF412AD17F725F900E12AAE /* Frameworks */,
				DDF412AE17F725F900E12AAE /* Resources */,
			);
			buildRules = (
			);
			dependencies = (
			);
			name = YouBeacon;
			productName = YouBeacon;
			productReference = DDF412B017F725F900E12AAE /* YouBeacon.app */;
			productType = "com.apple.product-type.application";
		};
		DDF412D017F725F900E12AAE /* YouBeaconTests */ = {
			isa = PBXNativeTarget;
			buildConfigurationList = DDF412E517F725F900E12AAE /* Build configuration list for PBXNativeTarget "YouBeaconTests" */;
			buildPhases = (
				DDF412CD17F725F900E12AAE /* Sources */,
				DDF412CE17F725F900E12AAE /* Frameworks */,
				DDF412CF17F725F900E12AAE /* Resources */,
			);
			buildRules = (
			);
			dependencies = (
				DDF412D717F725F900E12AAE /* PBXTargetDependency */,
			);
			name = YouBeaconTests;
			productName = YouBeaconTests;
			productReference = DDF412D117F725F900E12AAE /* YouBeaconTests.xctest */;
			productType = "com.apple.product-type.bundle.unit-test";
		};
/* End PBXNativeTarget section */

/* Begin PBXProject section */
		DDF412A817F725F900E12AAE /* Project object */ = {
			isa = PBXProject;
			attributes = {
				CLASSPREFIX = YB;
				LastUpgradeCheck = 0500;
				ORGANIZATIONNAME = MapBox;
				TargetAttributes = {
					DDF412D017F725F900E12AAE = {
						TestTargetID = DDF412AF17F725F900E12AAE;
					};
				};
			};
			buildConfigurationList = DDF412AB17F725F900E12AAE /* Build configuration list for PBXProject "YouBeacon" */;
			compatibilityVersion = "Xcode 3.2";
			developmentRegion = English;
			hasScannedForEncodings = 0;
			knownRegions = (
				en,
				Base,
			);
			mainGroup = DDF412A717F725F900E12AAE;
			productRefGroup = DDF412B117F725F900E12AAE /* Products */;
			projectDirPath = "";
			projectRoot = "";
			targets = (
				DDF412AF17F725F900E12AAE /* YouBeacon */,
				DDF412D017F725F900E12AAE /* YouBeaconTests */,
			);
		};
/* End PBXProject section */

/* Begin PBXResourcesBuildPhase section */
		DDF412AE17F725F900E12AAE /* Resources */ = {
			isa = PBXResourcesBuildPhase;
			buildActionMask = 2147483647;
			files = (
				DDF412CC17F725F900E12AAE /* Images.xcassets in Resources */,
				DDF412BE17F725F900E12AAE /* InfoPlist.strings in Resources */,
				DDF412C717F725F900E12AAE /* Main.storyboard in Resources */,
			);
			runOnlyForDeploymentPostprocessing = 0;
		};
		DDF412CF17F725F900E12AAE /* Resources */ = {
			isa = PBXResourcesBuildPhase;
			buildActionMask = 2147483647;
			files = (
				DDF412DD17F725F900E12AAE /* InfoPlist.strings in Resources */,
			);
			runOnlyForDeploymentPostprocessing = 0;
		};
/* End PBXResourcesBuildPhase section */

/* Begin PBXSourcesBuildPhase section */
		DDF412AC17F725F900E12AAE /* Sources */ = {
			isa = PBXSourcesBuildPhase;
			buildActionMask = 2147483647;
			files = (
				DDF412C017F725F900E12AAE /* main.m in Sources */,
				DDF412CA17F725F900E12AAE /* YBViewController.m in Sources */,
				DDF412C417F725F900E12AAE /* YBAppDelegate.m in Sources */,
			);
			runOnlyForDeploymentPostprocessing = 0;
		};
		DDF412CD17F725F900E12AAE /* Sources */ = {
			isa = PBXSourcesBuildPhase;
			buildActionMask = 2147483647;
			files = (
				DDF412DF17F725F900E12AAE /* YouBeaconTests.m in Sources */,
			);
			runOnlyForDeploymentPostprocessing = 0;
		};
/* End PBXSourcesBuildPhase section */

/* Begin PBXTargetDependency section */
		DDF412D717F725F900E12AAE /* PBXTargetDependency */ = {
			isa = PBXTargetDependency;
			target = DDF412AF17F725F900E12AAE /* YouBeacon */;
			targetProxy = DDF412D617F725F900E12AAE /* PBXContainerItemProxy */;
		};
/* End PBXTargetDependency section */

/* Begin PBXVariantGroup section */
		DDF412BC17F725F900E12AAE /* InfoPlist.strings */ = {
			isa = PBXVariantGroup;
			children = (
				DDF412BD17F725F900E12AAE /* en */,
			);
			name = InfoPlist.strings;
			sourceTree = "<group>";
		};
		DDF412C517F725F900E12AAE /* Main.storyboard */ = {
			isa = PBXVariantGroup;
			children = (
				DDF412C617F725F900E12AAE /* Base */,
			);
			name = Main.storyboard;
			sourceTree = "<group>";
		};
		DDF412DB17F725F900E12AAE /* InfoPlist.strings */ = {
			isa = PBXVariantGroup;
			children = (
				DDF412DC17F725F900E12AAE /* en */,
			);
			name = InfoPlist.strings;
			sourceTree = "<group>";
		};
/* End PBXVariantGroup section */

/* Begin XCBuildConfiguration section */
		DDF412E017F725F900E12AAE /* Debug */ = {
			isa = XCBuildConfiguration;
			buildSettings = {
				ALWAYS_SEARCH_USER_PATHS = NO;
				ARCHS = "$(ARCHS_STANDARD_INCLUDING_64_BIT)";
				CLANG_CXX_LANGUAGE_STANDARD = "gnu++0x";
				CLANG_CXX_LIBRARY = "libc++";
				CLANG_ENABLE_MODULES = YES;
				CLANG_ENABLE_OBJC_ARC = YES;
				CLANG_WARN_BOOL_CONVERSION = YES;
				CLANG_WARN_CONSTANT_CONVERSION = YES;
				CLANG_WARN_DIRECT_OBJC_ISA_USAGE = YES_ERROR;
				CLANG_WARN_EMPTY_BODY = YES;
				CLANG_WARN_ENUM_CONVERSION = YES;
				CLANG_WARN_INT_CONVERSION = YES;
				CLANG_WARN_OBJC_ROOT_CLASS = YES_ERROR;
				CLANG_WARN__DUPLICATE_METHOD_MATCH = YES;
				"CODE_SIGN_IDENTITY[sdk=iphoneos*]" = "iPhone Developer";
				COPY_PHASE_STRIP = NO;
				GCC_C_LANGUAGE_STANDARD = gnu99;
				GCC_DYNAMIC_NO_PIC = NO;
				GCC_OPTIMIZATION_LEVEL = 0;
				GCC_PREPROCESSOR_DEFINITIONS = (
					"DEBUG=1",
					"$(inherited)",
				);
				GCC_SYMBOLS_PRIVATE_EXTERN = NO;
				GCC_WARN_64_TO_32_BIT_CONVERSION = YES;
				GCC_WARN_ABOUT_RETURN_TYPE = YES_ERROR;
				GCC_WARN_UNDECLARED_SELECTOR = YES;
				GCC_WARN_UNINITIALIZED_AUTOS = YES;
				GCC_WARN_UNUSED_FUNCTION = YES;
				GCC_WARN_UNUSED_VARIABLE = YES;
				IPHONEOS_DEPLOYMENT_TARGET = 7.0;
				ONLY_ACTIVE_ARCH = YES;
				SDKROOT = iphoneos;
			};
			name = Debug;
		};
		DDF412E117F725F900E12AAE /* Release */ = {
			isa = XCBuildConfiguration;
			buildSettings = {
				ALWAYS_SEARCH_USER_PATHS = NO;
				ARCHS = "$(ARCHS_STANDARD_INCLUDING_64_BIT)";
				CLANG_CXX_LANGUAGE_STANDARD = "gnu++0x";
				CLANG_CXX_LIBRARY = "libc++";
				CLANG_ENABLE_MODULES = YES;
				CLANG_ENABLE_OBJC_ARC = YES;
				CLANG_WARN_BOOL_CONVERSION = YES;
				CLANG_WARN_CONSTANT_CONVERSION = YES;
				CLANG_WARN_DIRECT_OBJC_ISA_USAGE = YES_ERROR;
				CLANG_WARN_EMPTY_BODY = YES;
				CLANG_WARN_ENUM_CONVERSION = YES;
				CLANG_WARN_INT_CONVERSION = YES;
				CLANG_WARN_OBJC_ROOT_CLASS = YES_ERROR;
				CLANG_WARN__DUPLICATE_METHOD_MATCH = YES;
				"CODE_SIGN_IDENTITY[sdk=iphoneos*]" = "iPhone Developer";
				COPY_PHASE_STRIP = YES;
				ENABLE_NS_ASSERTIONS = NO;
				GCC_C_LANGUAGE_STANDARD = gnu99;
				GCC_WARN_64_TO_32_BIT_CONVERSION = YES;
				GCC_WARN_ABOUT_RETURN_TYPE = YES_ERROR;
				GCC_WARN_UNDECLARED_SELECTOR = YES;
				GCC_WARN_UNINITIALIZED_AUTOS = YES;
				GCC_WARN_UNUSED_FUNCTION = YES;
				GCC_WARN_UNUSED_VARIABLE = YES;
				IPHONEOS_DEPLOYMENT_TARGET = 7.0;
				SDKROOT = iphoneos;
				VALIDATE_PRODUCT = YES;
			};
			name = Release;
		};
		DDF412E317F725F900E12AAE /* Debug */ = {
			isa = XCBuildConfiguration;
			buildSettings = {
				ASSETCATALOG_COMPILER_APPICON_NAME = AppIcon;
				ASSETCATALOG_COMPILER_LAUNCHIMAGE_NAME = LaunchImage;
				GCC_PRECOMPILE_PREFIX_HEADER = YES;
				GCC_PREFIX_HEADER = "YouBeacon/YouBeacon-Prefix.pch";
				INFOPLIST_FILE = "YouBeacon/YouBeacon-Info.plist";
				PRODUCT_NAME = "$(TARGET_NAME)";
				WRAPPER_EXTENSION = app;
			};
			name = Debug;
		};
		DDF412E417F725F900E12AAE /* Release */ = {
			isa = XCBuildConfiguration;
			buildSettings = {
				ASSETCATALOG_COMPILER_APPICON_NAME = AppIcon;
				ASSETCATALOG_COMPILER_LAUNCHIMAGE_NAME = LaunchImage;
				GCC_PRECOMPILE_PREFIX_HEADER = YES;
				GCC_PREFIX_HEADER = "YouBeacon/YouBeacon-Prefix.pch";
				INFOPLIST_FILE = "YouBeacon/YouBeacon-Info.plist";
				PRODUCT_NAME = "$(TARGET_NAME)";
				WRAPPER_EXTENSION = app;
			};
			name = Release;
		};
		DDF412E617F725F900E12AAE /* Debug */ = {
			isa = XCBuildConfiguration;
			buildSettings = {
				ARCHS = "$(ARCHS_STANDARD_INCLUDING_64_BIT)";
				BUNDLE_LOADER = "$(BUILT_PRODUCTS_DIR)/YouBeacon.app/YouBeacon";
				FRAMEWORK_SEARCH_PATHS = (
					"$(SDKROOT)/Developer/Library/Frameworks",
					"$(inherited)",
					"$(DEVELOPER_FRAMEWORKS_DIR)",
				);
				GCC_PRECOMPILE_PREFIX_HEADER = YES;
				GCC_PREFIX_HEADER = "YouBeacon/YouBeacon-Prefix.pch";
				GCC_PREPROCESSOR_DEFINITIONS = (
					"DEBUG=1",
					"$(inherited)",
				);
				INFOPLIST_FILE = "YouBeaconTests/YouBeaconTests-Info.plist";
				PRODUCT_NAME = "$(TARGET_NAME)";
				TEST_HOST = "$(BUNDLE_LOADER)";
				WRAPPER_EXTENSION = xctest;
			};
			name = Debug;
		};
		DDF412E717F725F900E12AAE /* Release */ = {
			isa = XCBuildConfiguration;
			buildSettings = {
				ARCHS = "$(ARCHS_STANDARD_INCLUDING_64_BIT)";
				BUNDLE_LOADER = "$(BUILT_PRODUCTS_DIR)/YouBeacon.app/YouBeacon";
				FRAMEWORK_SEARCH_PATHS = (
					"$(SDKROOT)/Developer/Library/Frameworks",
					"$(inherited)",
					"$(DEVELOPER_FRAMEWORKS_DIR)",
				);
				GCC_PRECOMPILE_PREFIX_HEADER = YES;
				GCC_PREFIX_HEADER = "YouBeacon/YouBeacon-Prefix.pch";
				INFOPLIST_FILE = "YouBeaconTests/YouBeaconTests-Info.plist";
				PRODUCT_NAME = "$(TARGET_NAME)";
				TEST_HOST = "$(BUNDLE_LOADER)";
				WRAPPER_EXTENSION = xctest;
			};
			name = Release;
		};
/* End XCBuildConfiguration section */

/* Begin XCConfigurationList section */
		DDF412AB17F725F900E12AAE /* Build configuration list for PBXProject "YouBeacon" */ = {
			isa = XCConfigurationList;
			buildConfigurations = (
				DDF412E017F725F900E12AAE /* Debug */,
				DDF412E117F725F900E12AAE /* Release */,
			);
			defaultConfigurationIsVisible = 0;
			defaultConfigurationName = Release;
		};
		DDF412E217F725F900E12AAE /* Build configuration list for PBXNativeTarget "YouBeacon" */ = {
			isa = XCConfigurationList;
			buildConfigurations = (
				DDF412E317F725F900E12AAE /* Debug */,
				DDF412E417F725F900E12AAE /* Release */,
			);
			defaultConfigurationIsVisible = 0;
		};
		DDF412E517F725F900E12AAE /* Build configuration list for PBXNativeTarget "YouBeaconTests" */ = {
			isa = XCConfigurationList;
			buildConfigurations = (
				DDF412E617F725F900E12AAE /* Debug */,
				DDF412E717F725F900E12AAE /* Release */,
			);
			defaultConfigurationIsVisible = 0;
		};
/* End XCConfigurationList section */
	};
	rootObject = DDF412A817F725F900E12AAE /* Project object */;
}
